
Microsoft Visual Studio Solution File, Format Version 12.00
# Visual Studio Version 16
VisualStudioVersion = 16.0.29613.14
MinimumVisualStudioVersion = 10.0.40219.1
Project("{FAE04EC0-301F-11D3-BF4B-00C04F79EFBC}") = "HatManager", "HatManager\HatManager.csproj", "{3A67B6C2-00DD-41CC-8E17-DB2442FBE6A4}"
EndProject
Project("{FAE04EC0-301F-11D3-BF4B-00C04F79EFBC}") = "Hat.Views", "HatViews\Hat.Views.csproj", "{215DAB6B-5F11-4151-9E2A-8BF0AB875540}"
EndProject
Project("{FAE04EC0-301F-11D3-BF4B-00C04F79EFBC}") = "Hat.Data", "Hat.Data\Hat.Data.csproj", "{F9026A10-9568-44EE-A0A3-2368B9CC915A}"
EndProject
Project("{FAE04EC0-301F-11D3-BF4B-00C04F79EFBC}") = "Hat.Model", "Hata.Model\Hat.Model.csproj", "{8BB4A2A6-03B8-40DB-8AB2-C4A248424AEC}"
EndProject
Project("{FAE04EC0-301F-11D3-BF4B-00C04F79EFBC}") = "Hat.Controller", "Hat.Controller\Hat.Controller.csproj", "{59C3D355-4E50-4E67-894C-0983766A9744}"
EndProject
Global
	GlobalSection(SolutionConfigurationPlatforms) = preSolution
		Debug|Any CPU = Debug|Any CPU
		Release|Any CPU = Release|Any CPU
	EndGlobalSection
	GlobalSection(ProjectConfigurationPlatforms) = postSolution
		{3A67B6C2-00DD-41CC-8E17-DB2442FBE6A4}.Debug|Any CPU.ActiveCfg = Debug|Any CPU
		{3A67B6C2-00DD-41CC-8E17-DB2442FBE6A4}.Debug|Any CPU.Build.0 = Debug|Any CPU
		{3A67B6C2-00DD-41CC-8E17-DB2442FBE6A4}.Release|Any CPU.ActiveCfg = Release|Any CPU
		{3A67B6C2-00DD-41CC-8E17-DB2442FBE6A4}.Release|Any CPU.Build.0 = Release|Any CPU
		{215DAB6B-5F11-4151-9E2A-8BF0AB875540}.Debug|Any CPU.ActiveCfg = Debug|Any CPU
		{215DAB6B-5F11-4151-9E2A-8BF0AB875540}.Debug|Any CPU.Build.0 = Debug|Any CPU
		{215DAB6B-5F11-4151-9E2A-8BF0AB875540}.Release|Any CPU.ActiveCfg = Release|Any CPU
		{215DAB6B-5F11-4151-9E2A-8BF0AB875540}.Release|Any CPU.Build.0 = Release|Any CPU
		{F9026A10-9568-44EE-A0A3-2368B9CC915A}.Debug|Any CPU.ActiveCfg = Debug|Any CPU
		{F9026A10-9568-44EE-A0A3-2368B9CC915A}.Debug|Any CPU.Build.0 = Debug|Any CPU
		{F9026A10-9568-44EE-A0A3-2368B9CC915A}.Release|Any CPU.ActiveCfg = Release|Any CPU
		{F9026A10-9568-44EE-A0A3-2368B9CC915A}.Release|Any CPU.Build.0 = Release|Any CPU
		{8BB4A2A6-03B8-40DB-8AB2-C4A248424AEC}.Debug|Any CPU.ActiveCfg = Debug|Any CPU
		{8BB4A2A6-03B8-40DB-8AB2-C4A248424AEC}.Debug|Any CPU.Build.0 = Debug|Any CPU
		{8BB4A2A6-03B8-40DB-8AB2-C4A248424AEC}.Release|Any CPU.ActiveCfg = Release|Any CPU
		{8BB4A2A6-03B8-40DB-8AB2-C4A248424AEC}.Release|Any CPU.Build.0 = Release|Any CPU
		{59C3D355-4E50-4E67-894C-0983766A9744}.Debug|Any CPU.ActiveCfg = Debug|Any CPU
		{59C3D355-4E50-4E67-894C-0983766A9744}.Debug|Any CPU.Build.0 = Debug|Any CPU
		{59C3D355-4E50-4E67-894C-0983766A9744}.Release|Any CPU.ActiveCfg = Release|Any CPU
		{59C3D355-4E50-4E67-894C-0983766A9744}.Release|Any CPU.Build.0 = Release|Any CPU
	EndGlobalSection
	GlobalSection(SolutionProperties) = preSolution
		HideSolutionNode = FALSE
	EndGlobalSection
	GlobalSection(ExtensibilityGlobals) = postSolution
		SolutionGuid = {32142CDE-EBD8-4C1C-BA52-BB7EDFD32F2B}
	EndGlobalSection
EndGlobal
