
Microsoft Visual Studio Solution File, Format Version 12.00
# Visual Studio Version 16
VisualStudioVersion = 16.0.30225.117
MinimumVisualStudioVersion = 10.0.40219.1
Project("{FAE04EC0-301F-11D3-BF4B-00C04F79EFBC}") = "CarDealership", "CarDealership.csproj", "{DCCDB464-F001-413C-B7CC-E0EDFCDF5A05}"
EndProject
Project("{FAE04EC0-301F-11D3-BF4B-00C04F79EFBC}") = "CarDealership.Tests", "..\CarDealership.Tests\CarDealership.Tests.csproj", "{9ECEBED8-7BF8-4A70-AEDC-0ED232B31FE0}"
EndProject
Project("{FAE04EC0-301F-11D3-BF4B-00C04F79EFBC}") = "CarDealership.Models", "..\CarDealership.Models\CarDealership.Models.csproj", "{85A0448C-C62D-4547-9BA6-6B8933A0DA05}"
EndProject
Project("{FAE04EC0-301F-11D3-BF4B-00C04F79EFBC}") = "CarDealership.Data", "..\CarDealership.Data\CarDealership.Data.csproj", "{310D2C8E-903E-4BF0-BDD4-7D4ED2929FD7}"
EndProject
Global
	GlobalSection(SolutionConfigurationPlatforms) = preSolution
		Debug|Any CPU = Debug|Any CPU
		Release|Any CPU = Release|Any CPU
	EndGlobalSection
	GlobalSection(ProjectConfigurationPlatforms) = postSolution
		{DCCDB464-F001-413C-B7CC-E0EDFCDF5A05}.Debug|Any CPU.ActiveCfg = Debug|Any CPU
		{DCCDB464-F001-413C-B7CC-E0EDFCDF5A05}.Debug|Any CPU.Build.0 = Debug|Any CPU
		{DCCDB464-F001-413C-B7CC-E0EDFCDF5A05}.Release|Any CPU.ActiveCfg = Release|Any CPU
		{DCCDB464-F001-413C-B7CC-E0EDFCDF5A05}.Release|Any CPU.Build.0 = Release|Any CPU
		{9ECEBED8-7BF8-4A70-AEDC-0ED232B31FE0}.Debug|Any CPU.ActiveCfg = Debug|Any CPU
		{9ECEBED8-7BF8-4A70-AEDC-0ED232B31FE0}.Debug|Any CPU.Build.0 = Debug|Any CPU
		{9ECEBED8-7BF8-4A70-AEDC-0ED232B31FE0}.Release|Any CPU.ActiveCfg = Release|Any CPU
		{9ECEBED8-7BF8-4A70-AEDC-0ED232B31FE0}.Release|Any CPU.Build.0 = Release|Any CPU
		{85A0448C-C62D-4547-9BA6-6B8933A0DA05}.Debug|Any CPU.ActiveCfg = Debug|Any CPU
		{85A0448C-C62D-4547-9BA6-6B8933A0DA05}.Debug|Any CPU.Build.0 = Debug|Any CPU
		{85A0448C-C62D-4547-9BA6-6B8933A0DA05}.Release|Any CPU.ActiveCfg = Release|Any CPU
		{85A0448C-C62D-4547-9BA6-6B8933A0DA05}.Release|Any CPU.Build.0 = Release|Any CPU
		{310D2C8E-903E-4BF0-BDD4-7D4ED2929FD7}.Debug|Any CPU.ActiveCfg = Debug|Any CPU
		{310D2C8E-903E-4BF0-BDD4-7D4ED2929FD7}.Debug|Any CPU.Build.0 = Debug|Any CPU
		{310D2C8E-903E-4BF0-BDD4-7D4ED2929FD7}.Release|Any CPU.ActiveCfg = Release|Any CPU
		{310D2C8E-903E-4BF0-BDD4-7D4ED2929FD7}.Release|Any CPU.Build.0 = Release|Any CPU
	EndGlobalSection
	GlobalSection(SolutionProperties) = preSolution
		HideSolutionNode = FALSE
	EndGlobalSection
	GlobalSection(ExtensibilityGlobals) = postSolution
		SolutionGuid = {011442F7-BF35-4187-8189-9756FDAA0665}
	EndGlobalSection
EndGlobal
